
Microsoft Visual Studio Solution File, Format Version 12.00
# Visual Studio Version 17
VisualStudioVersion = 17.0.32112.339
MinimumVisualStudioVersion = 10.0.40219.1
Project("{FAE04EC0-301F-11D3-BF4B-00C04F79EFBC}") = "ConsoleApp1", "ConsoleApp1.csproj", "{6C7C21F5-DB67-4B8B-966C-05E3B0A9D179}"
EndProject
Global
	GlobalSection(SolutionConfigurationPlatforms) = preSolution
		Debug|Any CPU = Debug|Any CPU
		Release|Any CPU = Release|Any CPU
	EndGlobalSection
	GlobalSection(ProjectConfigurationPlatforms) = postSolution
		{6C7C21F5-DB67-4B8B-966C-05E3B0A9D179}.Debug|Any CPU.ActiveCfg = Debug|Any CPU
		{6C7C21F5-DB67-4B8B-966C-05E3B0A9D179}.Debug|Any CPU.Build.0 = Debug|Any CPU
		{6C7C21F5-DB67-4B8B-966C-05E3B0A9D179}.Release|Any CPU.ActiveCfg = Release|Any CPU
		{6C7C21F5-DB67-4B8B-966C-05E3B0A9D179}.Release|Any CPU.Build.0 = Release|Any CPU
	EndGlobalSection
	GlobalSection(SolutionProperties) = preSolution
		HideSolutionNode = FALSE
	EndGlobalSection
	GlobalSection(ExtensibilityGlobals) = postSolution
		SolutionGuid = {344520F5-F951-43D4-B3C0-4F9752F29D7D}
	EndGlobalSection
EndGlobal
